
Microsoft Visual Studio Solution File, Format Version 12.00
# Visual Studio Version 17
VisualStudioVersion = 17.3.32929.385
MinimumVisualStudioVersion = 10.0.40219.1
Project("{FAE04EC0-301F-11D3-BF4B-00C04F79EFBC}") = "TransportesSoft_BackOffice", "TransportesSoft_BackOffice\TransportesSoft_BackOffice.csproj", "{DE0B56A0-D450-4E2B-ABFD-DC3C8DCD6AFE}"
EndProject
Global
	GlobalSection(SolutionConfigurationPlatforms) = preSolution
		Debug|Any CPU = Debug|Any CPU
		Release|Any CPU = Release|Any CPU
	EndGlobalSection
	GlobalSection(ProjectConfigurationPlatforms) = postSolution
		{DE0B56A0-D450-4E2B-ABFD-DC3C8DCD6AFE}.Debug|Any CPU.ActiveCfg = Debug|Any CPU
		{DE0B56A0-D450-4E2B-ABFD-DC3C8DCD6AFE}.Debug|Any CPU.Build.0 = Debug|Any CPU
		{DE0B56A0-D450-4E2B-ABFD-DC3C8DCD6AFE}.Release|Any CPU.ActiveCfg = Release|Any CPU
		{DE0B56A0-D450-4E2B-ABFD-DC3C8DCD6AFE}.Release|Any CPU.Build.0 = Release|Any CPU
	EndGlobalSection
	GlobalSection(SolutionProperties) = preSolution
		HideSolutionNode = FALSE
	EndGlobalSection
	GlobalSection(ExtensibilityGlobals) = postSolution
		SolutionGuid = {637ECF17-50A3-4374-9A01-E7854813CECB}
	EndGlobalSection
EndGlobal
